
Microsoft Visual Studio Solution File, Format Version 12.00
# Visual Studio Version 16
VisualStudioVersion = 16.0.30204.135
MinimumVisualStudioVersion = 10.0.40219.1
Project("{9A19103F-16F7-4668-BE54-9A1E7A4F7556}") = "42_Trapping_Rain_Water", "42_Trapping_Rain_Water\42_Trapping_Rain_Water.csproj", "{7D5A66EC-6684-4B92-ACCB-B02EDE900496}"
EndProject
Project("{9A19103F-16F7-4668-BE54-9A1E7A4F7556}") = "42_Trapping_Rain_WaterTests", "42_Trapping_Rain_WaterTests\42_Trapping_Rain_WaterTests.csproj", "{435E731A-C298-40DA-81FA-FFD80528E78B}"
EndProject
Project("{9A19103F-16F7-4668-BE54-9A1E7A4F7556}") = "778_Swim_in_Rising_Water", "778_Swim_in_Rising_Water\778_Swim_in_Rising_Water.csproj", "{145CA416-FED4-43E5-8EF0-49ECD49D545D}"
EndProject
Project("{9A19103F-16F7-4668-BE54-9A1E7A4F7556}") = "778_Swim_in_Rising_WaterTests", "778_Swim_in_Rising_WaterTests\778_Swim_in_Rising_WaterTests.csproj", "{34131E31-45A5-4ABF-9AD1-7557D62AD2C7}"
EndProject
Project("{FAE04EC0-301F-11D3-BF4B-00C04F79EFBC}") = "Taps_Open_Water_Garden", "Taps_Open_Water_Garden\Taps_Open_Water_Garden.csproj", "{F438C073-52DA-4DBF-AE03-16D33335E37B}"
EndProject
Project("{FAE04EC0-301F-11D3-BF4B-00C04F79EFBC}") = "Taps_Open_Water_GardenTests", "Taps_Open_Water_GardenTests\Taps_Open_Water_GardenTests.csproj", "{9C15765E-263B-4F94-8172-BC6F32F9FDF8}"
EndProject
Project("{FAE04EC0-301F-11D3-BF4B-00C04F79EFBC}") = "115_Distinct_Subsequences", "115_Distinct_Subsequences\115_Distinct_Subsequences.csproj", "{19208B02-6213-41BE-A8BC-15D5FE3BD7F5}"
EndProject
Project("{FAE04EC0-301F-11D3-BF4B-00C04F79EFBC}") = "149_Max_Points_on_a_Line", "149_Max_Points_on_a_Line\149_Max_Points_on_a_Line.csproj", "{27DACEB3-4346-47CE-B640-7192CDE35755}"
EndProject
Project("{FAE04EC0-301F-11D3-BF4B-00C04F79EFBC}") = "149_Max_Points_on_a_LineTests", "149_Max_Points_on_a_LineTests\149_Max_Points_on_a_LineTests.csproj", "{C8FE45CD-C90D-4957-88C1-F693F33A6CA2}"
EndProject
Global
	GlobalSection(SolutionConfigurationPlatforms) = preSolution
		Debug|Any CPU = Debug|Any CPU
		Release|Any CPU = Release|Any CPU
	EndGlobalSection
	GlobalSection(ProjectConfigurationPlatforms) = postSolution
		{7D5A66EC-6684-4B92-ACCB-B02EDE900496}.Debug|Any CPU.ActiveCfg = Debug|Any CPU
		{7D5A66EC-6684-4B92-ACCB-B02EDE900496}.Debug|Any CPU.Build.0 = Debug|Any CPU
		{7D5A66EC-6684-4B92-ACCB-B02EDE900496}.Release|Any CPU.ActiveCfg = Release|Any CPU
		{7D5A66EC-6684-4B92-ACCB-B02EDE900496}.Release|Any CPU.Build.0 = Release|Any CPU
		{435E731A-C298-40DA-81FA-FFD80528E78B}.Debug|Any CPU.ActiveCfg = Debug|Any CPU
		{435E731A-C298-40DA-81FA-FFD80528E78B}.Debug|Any CPU.Build.0 = Debug|Any CPU
		{435E731A-C298-40DA-81FA-FFD80528E78B}.Release|Any CPU.ActiveCfg = Release|Any CPU
		{435E731A-C298-40DA-81FA-FFD80528E78B}.Release|Any CPU.Build.0 = Release|Any CPU
		{145CA416-FED4-43E5-8EF0-49ECD49D545D}.Debug|Any CPU.ActiveCfg = Debug|Any CPU
		{145CA416-FED4-43E5-8EF0-49ECD49D545D}.Debug|Any CPU.Build.0 = Debug|Any CPU
		{145CA416-FED4-43E5-8EF0-49ECD49D545D}.Release|Any CPU.ActiveCfg = Release|Any CPU
		{145CA416-FED4-43E5-8EF0-49ECD49D545D}.Release|Any CPU.Build.0 = Release|Any CPU
		{34131E31-45A5-4ABF-9AD1-7557D62AD2C7}.Debug|Any CPU.ActiveCfg = Debug|Any CPU
		{34131E31-45A5-4ABF-9AD1-7557D62AD2C7}.Debug|Any CPU.Build.0 = Debug|Any CPU
		{34131E31-45A5-4ABF-9AD1-7557D62AD2C7}.Release|Any CPU.ActiveCfg = Release|Any CPU
		{34131E31-45A5-4ABF-9AD1-7557D62AD2C7}.Release|Any CPU.Build.0 = Release|Any CPU
		{F438C073-52DA-4DBF-AE03-16D33335E37B}.Debug|Any CPU.ActiveCfg = Debug|Any CPU
		{F438C073-52DA-4DBF-AE03-16D33335E37B}.Debug|Any CPU.Build.0 = Debug|Any CPU
		{F438C073-52DA-4DBF-AE03-16D33335E37B}.Release|Any CPU.ActiveCfg = Release|Any CPU
		{F438C073-52DA-4DBF-AE03-16D33335E37B}.Release|Any CPU.Build.0 = Release|Any CPU
		{9C15765E-263B-4F94-8172-BC6F32F9FDF8}.Debug|Any CPU.ActiveCfg = Debug|Any CPU
		{9C15765E-263B-4F94-8172-BC6F32F9FDF8}.Debug|Any CPU.Build.0 = Debug|Any CPU
		{9C15765E-263B-4F94-8172-BC6F32F9FDF8}.Release|Any CPU.ActiveCfg = Release|Any CPU
		{9C15765E-263B-4F94-8172-BC6F32F9FDF8}.Release|Any CPU.Build.0 = Release|Any CPU
		{19208B02-6213-41BE-A8BC-15D5FE3BD7F5}.Debug|Any CPU.ActiveCfg = Debug|Any CPU
		{19208B02-6213-41BE-A8BC-15D5FE3BD7F5}.Debug|Any CPU.Build.0 = Debug|Any CPU
		{19208B02-6213-41BE-A8BC-15D5FE3BD7F5}.Release|Any CPU.ActiveCfg = Release|Any CPU
		{19208B02-6213-41BE-A8BC-15D5FE3BD7F5}.Release|Any CPU.Build.0 = Release|Any CPU
		{27DACEB3-4346-47CE-B640-7192CDE35755}.Debug|Any CPU.ActiveCfg = Debug|Any CPU
		{27DACEB3-4346-47CE-B640-7192CDE35755}.Debug|Any CPU.Build.0 = Debug|Any CPU
		{27DACEB3-4346-47CE-B640-7192CDE35755}.Release|Any CPU.ActiveCfg = Release|Any CPU
		{27DACEB3-4346-47CE-B640-7192CDE35755}.Release|Any CPU.Build.0 = Release|Any CPU
		{C8FE45CD-C90D-4957-88C1-F693F33A6CA2}.Debug|Any CPU.ActiveCfg = Debug|Any CPU
		{C8FE45CD-C90D-4957-88C1-F693F33A6CA2}.Debug|Any CPU.Build.0 = Debug|Any CPU
		{C8FE45CD-C90D-4957-88C1-F693F33A6CA2}.Release|Any CPU.ActiveCfg = Release|Any CPU
		{C8FE45CD-C90D-4957-88C1-F693F33A6CA2}.Release|Any CPU.Build.0 = Release|Any CPU
	EndGlobalSection
	GlobalSection(SolutionProperties) = preSolution
		HideSolutionNode = FALSE
	EndGlobalSection
	GlobalSection(ExtensibilityGlobals) = postSolution
		SolutionGuid = {F19991D2-A1FF-4BA2-814D-25A9040CAF2D}
	EndGlobalSection
EndGlobal
